
Microsoft Visual Studio Solution File, Format Version 12.00
# Visual Studio Version 17
VisualStudioVersion = 17.5.002.0
MinimumVisualStudioVersion = 10.0.40219.1
Project("{9A19103F-16F7-4668-BE54-9A1E7A4F7556}") = "AdventOfCode", "AdventOfCode.csproj", "{9CAC3003-D111-4999-A28E-F5BC4C23750D}"
EndProject
Project("{9A19103F-16F7-4668-BE54-9A1E7A4F7556}") = "Tests", "Tests\Tests.csproj", "{0D47CDCB-D81F-454D-BFD6-0C21A356CD77}"
EndProject
Global
	GlobalSection(SolutionConfigurationPlatforms) = preSolution
		Debug|Any CPU = Debug|Any CPU
		Release|Any CPU = Release|Any CPU
	EndGlobalSection
	GlobalSection(ProjectConfigurationPlatforms) = postSolution
		{9CAC3003-D111-4999-A28E-F5BC4C23750D}.Debug|Any CPU.ActiveCfg = Debug|Any CPU
		{9CAC3003-D111-4999-A28E-F5BC4C23750D}.Debug|Any CPU.Build.0 = Debug|Any CPU
		{9CAC3003-D111-4999-A28E-F5BC4C23750D}.Release|Any CPU.ActiveCfg = Release|Any CPU
		{9CAC3003-D111-4999-A28E-F5BC4C23750D}.Release|Any CPU.Build.0 = Release|Any CPU
		{0D47CDCB-D81F-454D-BFD6-0C21A356CD77}.Debug|Any CPU.ActiveCfg = Debug|Any CPU
		{0D47CDCB-D81F-454D-BFD6-0C21A356CD77}.Debug|Any CPU.Build.0 = Debug|Any CPU
		{0D47CDCB-D81F-454D-BFD6-0C21A356CD77}.Release|Any CPU.ActiveCfg = Release|Any CPU
		{0D47CDCB-D81F-454D-BFD6-0C21A356CD77}.Release|Any CPU.Build.0 = Release|Any CPU
	EndGlobalSection
	GlobalSection(SolutionProperties) = preSolution
		HideSolutionNode = FALSE
	EndGlobalSection
	GlobalSection(ExtensibilityGlobals) = postSolution
		SolutionGuid = {FE194453-5AAC-4172-8831-7EA66950367E}
	EndGlobalSection
EndGlobal
