
Microsoft Visual Studio Solution File, Format Version 12.00
# Visual Studio Version 17
VisualStudioVersion = 17.0.31903.59
MinimumVisualStudioVersion = 10.0.40219.1
Project("{FAE04EC0-301F-11D3-BF4B-00C04F79EFBC}") = "AdventOfCode", "AdventOfCode\AdventOfCode.csproj", "{CF2F8DC4-0F79-42A5-B932-1DD8B2C96700}"
EndProject
Project("{2150E333-8FDC-42A3-9474-1A3956D46DE8}") = "AdventOfCode", "AdventOfCode", "{989CBE41-4451-4760-BD9C-8FBEE2438A51}"
EndProject
Project("{FAE04EC0-301F-11D3-BF4B-00C04F79EFBC}") = "Tests", "Tests\Tests.csproj", "{86ADD0E9-A0C7-4002-A288-29E173B01E4D}"
EndProject
Global
	GlobalSection(SolutionConfigurationPlatforms) = preSolution
		Debug|Any CPU = Debug|Any CPU
		Release|Any CPU = Release|Any CPU
	EndGlobalSection
	GlobalSection(ProjectConfigurationPlatforms) = postSolution
		{CF2F8DC4-0F79-42A5-B932-1DD8B2C96700}.Debug|Any CPU.ActiveCfg = Debug|Any CPU
		{CF2F8DC4-0F79-42A5-B932-1DD8B2C96700}.Debug|Any CPU.Build.0 = Debug|Any CPU
		{CF2F8DC4-0F79-42A5-B932-1DD8B2C96700}.Release|Any CPU.ActiveCfg = Release|Any CPU
		{CF2F8DC4-0F79-42A5-B932-1DD8B2C96700}.Release|Any CPU.Build.0 = Release|Any CPU
		{86ADD0E9-A0C7-4002-A288-29E173B01E4D}.Debug|Any CPU.ActiveCfg = Debug|Any CPU
		{86ADD0E9-A0C7-4002-A288-29E173B01E4D}.Debug|Any CPU.Build.0 = Debug|Any CPU
		{86ADD0E9-A0C7-4002-A288-29E173B01E4D}.Release|Any CPU.ActiveCfg = Release|Any CPU
		{86ADD0E9-A0C7-4002-A288-29E173B01E4D}.Release|Any CPU.Build.0 = Release|Any CPU
	EndGlobalSection
	GlobalSection(SolutionProperties) = preSolution
		HideSolutionNode = FALSE
	EndGlobalSection
	GlobalSection(NestedProjects) = preSolution
		{CF2F8DC4-0F79-42A5-B932-1DD8B2C96700} = {989CBE41-4451-4760-BD9C-8FBEE2438A51}
	EndGlobalSection
EndGlobal
